
Microsoft Visual Studio Solution File, Format Version 12.00
# Visual Studio Version 17
VisualStudioVersion = 17.8.34322.80
MinimumVisualStudioVersion = 10.0.40219.1
Project("{FAE04EC0-301F-11D3-BF4B-00C04F79EFBC}") = "Concatenated Word Project", "Concatenated Word Project\Concatenated Word Project.csproj", "{56D04EC4-F840-4639-B595-066473C5734E}"
EndProject
Global
	GlobalSection(SolutionConfigurationPlatforms) = preSolution
		Debug|Any CPU = Debug|Any CPU
		Release|Any CPU = Release|Any CPU
	EndGlobalSection
	GlobalSection(ProjectConfigurationPlatforms) = postSolution
		{56D04EC4-F840-4639-B595-066473C5734E}.Debug|Any CPU.ActiveCfg = Debug|Any CPU
		{56D04EC4-F840-4639-B595-066473C5734E}.Debug|Any CPU.Build.0 = Debug|Any CPU
		{56D04EC4-F840-4639-B595-066473C5734E}.Release|Any CPU.ActiveCfg = Release|Any CPU
		{56D04EC4-F840-4639-B595-066473C5734E}.Release|Any CPU.Build.0 = Release|Any CPU
	EndGlobalSection
	GlobalSection(SolutionProperties) = preSolution
		HideSolutionNode = FALSE
	EndGlobalSection
	GlobalSection(ExtensibilityGlobals) = postSolution
		SolutionGuid = {4ECC8BC9-884F-49BA-B0D4-CB0993713557}
	EndGlobalSection
EndGlobal
